{
  "version": "5",
  "specifiers": {
    "jsr:@db/postgres@~0.19.5": "0.19.5",
    "jsr:@hono/hono@^4.12.9": "4.12.9",
    "jsr:@std/assert@^1.0.19": "1.0.19",
    "jsr:@std/bytes@^1.0.5": "1.0.6",
    "jsr:@std/bytes@^1.0.6": "1.0.6",
    "jsr:@std/crypto@^1.0.4": "1.0.5",
    "jsr:@std/dotenv@~0.225.6": "0.225.6",
    "jsr:@std/encoding@^1.0.9": "1.0.10",
    "jsr:@std/expect@^1.0.18": "1.0.18",
    "jsr:@std/fmt@^1.0.6": "1.0.9",
    "jsr:@std/internal@^1.0.12": "1.0.12",
    "jsr:@std/io@~0.225.3": "0.225.3",
    "jsr:@std/path@^1.0.8": "1.1.4",
    "jsr:@std/path@^1.1.4": "1.1.4",
    "npm:@aws-sdk/client-lambda@^3.1019.0": "3.1019.0"
  },
  "jsr": {
    "@db/postgres@0.19.5": {
      "integrity": "afdbe608bd066cda2ee5dba37c416d332098b9238c51aec223331108e281954c",
      "dependencies": [
        "jsr:@std/bytes@^1.0.5",
        "jsr:@std/crypto",
        "jsr:@std/encoding",
        "jsr:@std/fmt",
        "jsr:@std/path@^1.0.8"
      ]
    },
    "@hono/hono@4.7.4": {
      "integrity": "c03c9cbe0fbfc4e51f3fee6502a7903aa4f9ef7c2c98635607b15eee14258825"
    },
    "@hono/hono@4.12.9": {
      "integrity": "53c2b0a721c1d782e6a347ad5bf15a3235ff624b98859c21f779b7ee2f5e040e"
    },
    "@std/assert@1.0.19": {
      "integrity": "eaada96ee120cb980bc47e040f82814d786fe8162ecc53c91d8df60b8755991e",
      "dependencies": [
        "jsr:@std/internal"
      ]
    },
    "@std/bytes@1.0.6": {
      "integrity": "f6ac6adbd8ccd99314045f5703e23af0a68d7f7e58364b47d2c7f408aeb5820a"
    },
    "@std/crypto@1.0.5": {
      "integrity": "0dcfbb319fe0bba1bd3af904ceb4f948cde1b92979ec1614528380ed308a3b40"
    },
    "@std/dotenv@0.225.3": {
      "integrity": "a95e5b812c27b0854c52acbae215856d9cce9d4bbf774d938c51d212711e8d4a"
    },
    "@std/dotenv@0.225.6": {
      "integrity": "1d6f9db72f565bd26790fa034c26e45ecb260b5245417be76c2279e5734c421b"
    },
    "@std/encoding@1.0.10": {
      "integrity": "8783c6384a2d13abd5e9e87a7ae0520a30e9f56aeeaa3bdf910a3eaaf5c811a1"
    },
    "@std/expect@1.0.18": {
      "integrity": "8566eab35200466f8609eb7e7aed062ed0db314e9a258d5d201b1b8997ce801a",
      "dependencies": [
        "jsr:@std/assert",
        "jsr:@std/internal",
        "jsr:@std/path@^1.1.4"
      ]
    },
    "@std/fmt@1.0.9": {
      "integrity": "2487343e8899fb2be5d0e3d35013e54477ada198854e52dd05ed0422eddcabe0"
    },
    "@std/internal@1.0.12": {
      "integrity": "972a634fd5bc34b242024402972cd5143eac68d8dffaca5eaa4dba30ce17b027"
    },
    "@std/io@0.225.3": {
      "integrity": "27b07b591384d12d7b568f39e61dff966b8230559122df1e9fd11cc068f7ddd1",
      "dependencies": [
        "jsr:@std/bytes@^1.0.6"
      ]
    },
    "@std/path@1.0.8": {
      "integrity": "548fa456bb6a04d3c1a1e7477986b6cffbce95102d0bb447c67c4ee70e0364be"
    },
    "@std/path@1.1.4": {
      "integrity": "1d2d43f39efb1b42f0b1882a25486647cb851481862dc7313390b2bb044314b5",
      "dependencies": [
        "jsr:@std/internal"
      ]
    }
  },
  "npm": {
    "@aws-crypto/crc32@5.2.0": {
      "integrity": "sha512-nLbCWqQNgUiwwtFsen1AdzAtvuLRsQS8rYgMuxCrdKf9kOssamGLuPwyTY9wyYblNr9+1XM8v6zoDTPPSIeANg==",
      "dependencies": [
        "@aws-crypto/util",
        "@aws-sdk/types",
        "tslib"
      ]
    },
    "@aws-crypto/sha256-browser@5.2.0": {
      "integrity": "sha512-AXfN/lGotSQwu6HNcEsIASo7kWXZ5HYWvfOmSNKDsEqC4OashTp8alTmaz+F7TC2L083SFv5RdB+qU3Vs1kZqw==",
      "dependencies": [
        "@aws-crypto/sha256-js",
        "@aws-crypto/supports-web-crypto",
        "@aws-crypto/util",
        "@aws-sdk/types",
        "@aws-sdk/util-locate-window",
        "@smithy/util-utf8@2.3.0",
        "tslib"
      ]
    },
    "@aws-crypto/sha256-js@5.2.0": {
      "integrity": "sha512-FFQQyu7edu4ufvIZ+OadFpHHOt+eSTBaYaki44c+akjg7qZg9oOQeLlk77F6tSYqjDAFClrHJk9tMf0HdVyOvA==",
      "dependencies": [
        "@aws-crypto/util",
        "@aws-sdk/types",
        "tslib"
      ]
    },
    "@aws-crypto/supports-web-crypto@5.2.0": {
      "integrity": "sha512-iAvUotm021kM33eCdNfwIN//F77/IADDSs58i+MDaOqFrVjZo9bAal0NK7HurRuWLLpF1iLX7gbWrjHjeo+YFg==",
      "dependencies": [
        "tslib"
      ]
    },
    "@aws-crypto/util@5.2.0": {
      "integrity": "sha512-4RkU9EsI6ZpBve5fseQlGNUWKMa1RLPQ1dnjnQoe07ldfIzcsGb5hC5W0Dm7u423KWzawlrpbjXBrXCEv9zazQ==",
      "dependencies": [
        "@aws-sdk/types",
        "@smithy/util-utf8@2.3.0",
        "tslib"
      ]
    },
    "@aws-sdk/client-lambda@3.1019.0": {
      "integrity": "sha512-LY09Psko+VwXC8JKrX+nXE0z3N4nd7yF0zwxk/xQTjySB+EcnJxl3tEGPohvwrjEcOT7P7YIYUn+QliIW8rmoQ==",
      "dependencies": [
        "@aws-crypto/sha256-browser",
        "@aws-crypto/sha256-js",
        "@aws-sdk/core",
        "@aws-sdk/credential-provider-node",
        "@aws-sdk/middleware-host-header",
        "@aws-sdk/middleware-logger",
        "@aws-sdk/middleware-recursion-detection",
        "@aws-sdk/middleware-user-agent",
        "@aws-sdk/region-config-resolver",
        "@aws-sdk/types",
        "@aws-sdk/util-endpoints",
        "@aws-sdk/util-user-agent-browser",
        "@aws-sdk/util-user-agent-node",
        "@smithy/config-resolver",
        "@smithy/core",
        "@smithy/eventstream-serde-browser",
        "@smithy/eventstream-serde-config-resolver",
        "@smithy/eventstream-serde-node",
        "@smithy/fetch-http-handler",
        "@smithy/hash-node",
        "@smithy/invalid-dependency",
        "@smithy/middleware-content-length",
        "@smithy/middleware-endpoint",
        "@smithy/middleware-retry",
        "@smithy/middleware-serde",
        "@smithy/middleware-stack",
        "@smithy/node-config-provider",
        "@smithy/node-http-handler",
        "@smithy/protocol-http",
        "@smithy/smithy-client",
        "@smithy/types",
        "@smithy/url-parser",
        "@smithy/util-base64",
        "@smithy/util-body-length-browser",
        "@smithy/util-body-length-node",
        "@smithy/util-defaults-mode-browser",
        "@smithy/util-defaults-mode-node",
        "@smithy/util-endpoints",
        "@smithy/util-middleware",
        "@smithy/util-retry",
        "@smithy/util-stream",
        "@smithy/util-utf8@4.2.2",
        "@smithy/util-waiter",
        "tslib"
      ]
    },
    "@aws-sdk/core@3.973.25": {
      "integrity": "sha512-TNrx7eq6nKNOO62HWPqoBqPLXEkW6nLZQGwjL6lq1jZtigWYbK1NbCnT7mKDzbLMHZfuOECUt3n6CzxjUW9HWQ==",
      "dependencies": [
        "@aws-sdk/types",
        "@aws-sdk/xml-builder",
        "@smithy/core",
        "@smithy/node-config-provider",
        "@smithy/property-provider",
        "@smithy/protocol-http",
        "@smithy/signature-v4",
        "@smithy/smithy-client",
        "@smithy/types",
        "@smithy/util-base64",
        "@smithy/util-middleware",
        "@smithy/util-utf8@4.2.2",
        "tslib"
      ]
    },
    "@aws-sdk/credential-provider-env@3.972.23": {
      "integrity": "sha512-EamaclJcCEaPHp6wiVknNMM2RlsPMjAHSsYSFLNENBM8Wz92QPc6cOn3dif6vPDQt0Oo4IEghDy3NMDCzY/IvA==",
      "dependencies": [
        "@aws-sdk/core",
        "@aws-sdk/types",
        "@smithy/property-provider",
        "@smithy/types",
        "tslib"
      ]
    },
    "@aws-sdk/credential-provider-http@3.972.25": {
      "integrity": "sha512-qPymamdPcLp6ugoVocG1y5r69ScNiRzb0hogX25/ij+Wz7c7WnsgjLTaz7+eB5BfRxeyUwuw5hgULMuwOGOpcw==",
      "dependencies": [
        "@aws-sdk/core",
        "@aws-sdk/types",
        "@smithy/fetch-http-handler",
        "@smithy/node-http-handler",
        "@smithy/property-provider",
        "@smithy/protocol-http",
        "@smithy/smithy-client",
        "@smithy/types",
        "@smithy/util-stream",
        "tslib"
      ]
    },
    "@aws-sdk/credential-provider-ini@3.972.26": {
      "integrity": "sha512-xKxEAMuP6GYx2y5GET+d3aGEroax3AgGfwBE65EQAUe090lzyJ/RzxPX9s8v7Z6qAk0XwfQl+LrmH05X7YvTeg==",
      "dependencies": [
        "@aws-sdk/core",
        "@aws-sdk/credential-provider-env",
        "@aws-sdk/credential-provider-http",
        "@aws-sdk/credential-provider-login",
        "@aws-sdk/credential-provider-process",
        "@aws-sdk/credential-provider-sso",
        "@aws-sdk/credential-provider-web-identity",
        "@aws-sdk/nested-clients",
        "@aws-sdk/types",
        "@smithy/credential-provider-imds",
        "@smithy/property-provider",
        "@smithy/shared-ini-file-loader",
        "@smithy/types",
        "tslib"
      ]
    },
    "@aws-sdk/credential-provider-login@3.972.26": {
      "integrity": "sha512-EFcM8RM3TUxnZOfMJo++3PnyxFu1fL/huzmn3Vh+8IWRgqZawUD3cRwwOr+/4bE9DpyHaLOWFAjY0lfK5X9ZkQ==",
      "dependencies": [
        "@aws-sdk/core",
        "@aws-sdk/nested-clients",
        "@aws-sdk/types",
        "@smithy/property-provider",
        "@smithy/protocol-http",
        "@smithy/shared-ini-file-loader",
        "@smithy/types",
        "tslib"
      ]
    },
    "@aws-sdk/credential-provider-node@3.972.27": {
      "integrity": "sha512-jXpxSolfFnPVj6GCTtx3xIdWNoDR7hYC/0SbetGZxOC9UnNmipHeX1k6spVstf7eWJrMhXNQEgXC0pD1r5tXIg==",
      "dependencies": [
        "@aws-sdk/credential-provider-env",
        "@aws-sdk/credential-provider-http",
        "@aws-sdk/credential-provider-ini",
        "@aws-sdk/credential-provider-process",
        "@aws-sdk/credential-provider-sso",
        "@aws-sdk/credential-provider-web-identity",
        "@aws-sdk/types",
        "@smithy/credential-provider-imds",
        "@smithy/property-provider",
        "@smithy/shared-ini-file-loader",
        "@smithy/types",
        "tslib"
      ]
    },
    "@aws-sdk/credential-provider-process@3.972.23": {
      "integrity": "sha512-IL/TFW59++b7MpHserjUblGrdP5UXy5Ekqqx1XQkERXBFJcZr74I7VaSrQT5dxdRMU16xGK4L0RQ5fQG1pMgnA==",
      "dependencies": [
        "@aws-sdk/core",
        "@aws-sdk/types",
        "@smithy/property-provider",
        "@smithy/shared-ini-file-loader",
        "@smithy/types",
        "tslib"
      ]
    },
    "@aws-sdk/credential-provider-sso@3.972.26": {
      "integrity": "sha512-c6ghvRb6gTlMznWhGxn/bpVCcp0HRaz4DobGVD9kI4vwHq186nU2xN/S7QGkm0lo0H2jQU8+dgpUFLxfTcwCOg==",
      "dependencies": [
        "@aws-sdk/core",
        "@aws-sdk/nested-clients",
        "@aws-sdk/token-providers",
        "@aws-sdk/types",
        "@smithy/property-provider",
        "@smithy/shared-ini-file-loader",
        "@smithy/types",
        "tslib"
      ]
    },
    "@aws-sdk/credential-provider-web-identity@3.972.26": {
      "integrity": "sha512-cXcS3+XD3iwhoXkM44AmxjmbcKueoLCINr1e+IceMmCySda5ysNIfiGBGe9qn5EMiQ9Jd7pP0AGFtcd6OV3Lvg==",
      "dependencies": [
        "@aws-sdk/core",
        "@aws-sdk/nested-clients",
        "@aws-sdk/types",
        "@smithy/property-provider",
        "@smithy/shared-ini-file-loader",
        "@smithy/types",
        "tslib"
      ]
    },
    "@aws-sdk/middleware-host-header@3.972.8": {
      "integrity": "sha512-wAr2REfKsqoKQ+OkNqvOShnBoh+nkPurDKW7uAeVSu6kUECnWlSJiPvnoqxGlfousEY/v9LfS9sNc46hjSYDIQ==",
      "dependencies": [
        "@aws-sdk/types",
        "@smithy/protocol-http",
        "@smithy/types",
        "tslib"
      ]
    },
    "@aws-sdk/middleware-logger@3.972.8": {
      "integrity": "sha512-CWl5UCM57WUFaFi5kB7IBY1UmOeLvNZAZ2/OZ5l20ldiJ3TiIz1pC65gYj8X0BCPWkeR1E32mpsCk1L1I4n+lA==",
      "dependencies": [
        "@aws-sdk/types",
        "@smithy/types",
        "tslib"
      ]
    },
    "@aws-sdk/middleware-recursion-detection@3.972.9": {
      "integrity": "sha512-/Wt5+CT8dpTFQxEJ9iGy/UGrXr7p2wlIOEHvIr/YcHYByzoLjrqkYqXdJjd9UIgWjv7eqV2HnFJen93UTuwfTQ==",
      "dependencies": [
        "@aws-sdk/types",
        "@aws/lambda-invoke-store",
        "@smithy/protocol-http",
        "@smithy/types",
        "tslib"
      ]
    },
    "@aws-sdk/middleware-user-agent@3.972.26": {
      "integrity": "sha512-AilFIh4rI/2hKyyGN6XrB0yN96W2o7e7wyrPWCM6QjZM1mcC/pVkW3IWWRvuBWMpVP8Fg+rMpbzeLQ6dTM4gig==",
      "dependencies": [
        "@aws-sdk/core",
        "@aws-sdk/types",
        "@aws-sdk/util-endpoints",
        "@smithy/core",
        "@smithy/protocol-http",
        "@smithy/types",
        "@smithy/util-retry",
        "tslib"
      ]
    },
    "@aws-sdk/nested-clients@3.996.16": {
      "integrity": "sha512-L7Qzoj/qQU1cL5GnYLQP5LbI+wlLCLoINvcykR3htKcQ4tzrPf2DOs72x933BM7oArYj1SKrkb2lGlsJHIic3g==",
      "dependencies": [
        "@aws-crypto/sha256-browser",
        "@aws-crypto/sha256-js",
        "@aws-sdk/core",
        "@aws-sdk/middleware-host-header",
        "@aws-sdk/middleware-logger",
        "@aws-sdk/middleware-recursion-detection",
        "@aws-sdk/middleware-user-agent",
        "@aws-sdk/region-config-resolver",
        "@aws-sdk/types",
        "@aws-sdk/util-endpoints",
        "@aws-sdk/util-user-agent-browser",
        "@aws-sdk/util-user-agent-node",
        "@smithy/config-resolver",
        "@smithy/core",
        "@smithy/fetch-http-handler",
        "@smithy/hash-node",
        "@smithy/invalid-dependency",
        "@smithy/middleware-content-length",
        "@smithy/middleware-endpoint",
        "@smithy/middleware-retry",
        "@smithy/middleware-serde",
        "@smithy/middleware-stack",
        "@smithy/node-config-provider",
        "@smithy/node-http-handler",
        "@smithy/protocol-http",
        "@smithy/smithy-client",
        "@smithy/types",
        "@smithy/url-parser",
        "@smithy/util-base64",
        "@smithy/util-body-length-browser",
        "@smithy/util-body-length-node",
        "@smithy/util-defaults-mode-browser",
        "@smithy/util-defaults-mode-node",
        "@smithy/util-endpoints",
        "@smithy/util-middleware",
        "@smithy/util-retry",
        "@smithy/util-utf8@4.2.2",
        "tslib"
      ]
    },
    "@aws-sdk/region-config-resolver@3.972.10": {
      "integrity": "sha512-1dq9ToC6e070QvnVhhbAs3bb5r6cQ10gTVc6cyRV5uvQe7P138TV2uG2i6+Yok4bAkVAcx5AqkTEBUvWEtBlsQ==",
      "dependencies": [
        "@aws-sdk/types",
        "@smithy/config-resolver",
        "@smithy/node-config-provider",
        "@smithy/types",
        "tslib"
      ]
    },
    "@aws-sdk/token-providers@3.1019.0": {
      "integrity": "sha512-OF+2RfRmUKyjzrRWlDcyju3RBsuqcrYDQ8TwrJg8efcOotMzuZN4U9mpVTIdATpmEc4lWNZBMSjPzrGm6JPnAQ==",
      "dependencies": [
        "@aws-sdk/core",
        "@aws-sdk/nested-clients",
        "@aws-sdk/types",
        "@smithy/property-provider",
        "@smithy/shared-ini-file-loader",
        "@smithy/types",
        "tslib"
      ]
    },
    "@aws-sdk/types@3.973.6": {
      "integrity": "sha512-Atfcy4E++beKtwJHiDln2Nby8W/mam64opFPTiHEqgsthqeydFS1pY+OUlN1ouNOmf8ArPU/6cDS65anOP3KQw==",
      "dependencies": [
        "@smithy/types",
        "tslib"
      ]
    },
    "@aws-sdk/util-endpoints@3.996.5": {
      "integrity": "sha512-Uh93L5sXFNbyR5sEPMzUU8tJ++Ku97EY4udmC01nB8Zu+xfBPwpIwJ6F7snqQeq8h2pf+8SGN5/NoytfKgYPIw==",
      "dependencies": [
        "@aws-sdk/types",
        "@smithy/types",
        "@smithy/url-parser",
        "@smithy/util-endpoints",
        "tslib"
      ]
    },
    "@aws-sdk/util-locate-window@3.965.5": {
      "integrity": "sha512-WhlJNNINQB+9qtLtZJcpQdgZw3SCDCpXdUJP7cToGwHbCWCnRckGlc6Bx/OhWwIYFNAn+FIydY8SZ0QmVu3xTQ==",
      "dependencies": [
        "tslib"
      ]
    },
    "@aws-sdk/util-user-agent-browser@3.972.8": {
      "integrity": "sha512-B3KGXJviV2u6Cdw2SDY2aDhoJkVfY/Q/Trwk2CMSkikE1Oi6gRzxhvhIfiRpHfmIsAhV4EA54TVEX8K6CbHbkA==",
      "dependencies": [
        "@aws-sdk/types",
        "@smithy/types",
        "bowser",
        "tslib"
      ]
    },
    "@aws-sdk/util-user-agent-node@3.973.12": {
      "integrity": "sha512-8phW0TS8ntENJgDcFewYT/Q8dOmarpvSxEjATu2GUBAutiHr++oEGCiBUwxslCMNvwW2cAPZNT53S/ym8zm/gg==",
      "dependencies": [
        "@aws-sdk/middleware-user-agent",
        "@aws-sdk/types",
        "@smithy/node-config-provider",
        "@smithy/types",
        "@smithy/util-config-provider",
        "tslib"
      ]
    },
    "@aws-sdk/xml-builder@3.972.16": {
      "integrity": "sha512-iu2pyvaqmeatIJLURLqx9D+4jKAdTH20ntzB6BFwjyN7V960r4jK32mx0Zf7YbtOYAbmbtQfDNuL60ONinyw7A==",
      "dependencies": [
        "@smithy/types",
        "fast-xml-parser",
        "tslib"
      ]
    },
    "@aws/lambda-invoke-store@0.2.4": {
      "integrity": "sha512-iY8yvjE0y651BixKNPgmv1WrQc+GZ142sb0z4gYnChDDY2YqI4P/jsSopBWrKfAt7LOJAkOXt7rC/hms+WclQQ=="
    },
    "@smithy/abort-controller@4.2.12": {
      "integrity": "sha512-xolrFw6b+2iYGl6EcOL7IJY71vvyZ0DJ3mcKtpykqPe2uscwtzDZJa1uVQXyP7w9Dd+kGwYnPbMsJrGISKiY/Q==",
      "dependencies": [
        "@smithy/types",
        "tslib"
      ]
    },
    "@smithy/config-resolver@4.4.13": {
      "integrity": "sha512-iIzMC5NmOUP6WL6o8iPBjFhUhBZ9pPjpUpQYWMUFQqKyXXzOftbfK8zcQCz/jFV1Psmf05BK5ypx4K2r4Tnwdg==",
      "dependencies": [
        "@smithy/node-config-provider",
        "@smithy/types",
        "@smithy/util-config-provider",
        "@smithy/util-endpoints",
        "@smithy/util-middleware",
        "tslib"
      ]
    },
    "@smithy/core@3.23.12": {
      "integrity": "sha512-o9VycsYNtgC+Dy3I0yrwCqv9CWicDnke0L7EVOrZtJpjb2t0EjaEofmMrYc0T1Kn3yk32zm6cspxF9u9Bj7e5w==",
      "dependencies": [
        "@smithy/protocol-http",
        "@smithy/types",
        "@smithy/url-parser",
        "@smithy/util-base64",
        "@smithy/util-body-length-browser",
        "@smithy/util-middleware",
        "@smithy/util-stream",
        "@smithy/util-utf8@4.2.2",
        "@smithy/uuid",
        "tslib"
      ]
    },
    "@smithy/credential-provider-imds@4.2.12": {
      "integrity": "sha512-cr2lR792vNZcYMriSIj+Um3x9KWrjcu98kn234xA6reOAFMmbRpQMOv8KPgEmLLtx3eldU6c5wALKFqNOhugmg==",
      "dependencies": [
        "@smithy/node-config-provider",
        "@smithy/property-provider",
        "@smithy/types",
        "@smithy/url-parser",
        "tslib"
      ]
    },
    "@smithy/eventstream-codec@4.2.12": {
      "integrity": "sha512-FE3bZdEl62ojmy8x4FHqxq2+BuOHlcxiH5vaZ6aqHJr3AIZzwF5jfx8dEiU/X0a8RboyNDjmXjlbr8AdEyLgiA==",
      "dependencies": [
        "@aws-crypto/crc32",
        "@smithy/types",
        "@smithy/util-hex-encoding",
        "tslib"
      ]
    },
    "@smithy/eventstream-serde-browser@4.2.12": {
      "integrity": "sha512-XUSuMxlTxV5pp4VpqZf6Sa3vT/Q75FVkLSpSSE3KkWBvAQWeuWt1msTv8fJfgA4/jcJhrbrbMzN1AC/hvPmm5A==",
      "dependencies": [
        "@smithy/eventstream-serde-universal",
        "@smithy/types",
        "tslib"
      ]
    },
    "@smithy/eventstream-serde-config-resolver@4.3.12": {
      "integrity": "sha512-7epsAZ3QvfHkngz6RXQYseyZYHlmWXSTPOfPmXkiS+zA6TBNo1awUaMFL9vxyXlGdoELmCZyZe1nQE+imbmV+Q==",
      "dependencies": [
        "@smithy/types",
        "tslib"
      ]
    },
    "@smithy/eventstream-serde-node@4.2.12": {
      "integrity": "sha512-D1pFuExo31854eAvg89KMn9Oab/wEeJR6Buy32B49A9Ogdtx5fwZPqBHUlDzaCDpycTFk2+fSQgX689Qsk7UGA==",
      "dependencies": [
        "@smithy/eventstream-serde-universal",
        "@smithy/types",
        "tslib"
      ]
    },
    "@smithy/eventstream-serde-universal@4.2.12": {
      "integrity": "sha512-+yNuTiyBACxOJUTvbsNsSOfH9G9oKbaJE1lNL3YHpGcuucl6rPZMi3nrpehpVOVR2E07YqFFmtwpImtpzlouHQ==",
      "dependencies": [
        "@smithy/eventstream-codec",
        "@smithy/types",
        "tslib"
      ]
    },
    "@smithy/fetch-http-handler@5.3.15": {
      "integrity": "sha512-T4jFU5N/yiIfrtrsb9uOQn7RdELdM/7HbyLNr6uO/mpkj1ctiVs7CihVr51w4LyQlXWDpXFn4BElf1WmQvZu/A==",
      "dependencies": [
        "@smithy/protocol-http",
        "@smithy/querystring-builder",
        "@smithy/types",
        "@smithy/util-base64",
        "tslib"
      ]
    },
    "@smithy/hash-node@4.2.12": {
      "integrity": "sha512-QhBYbGrbxTkZ43QoTPrK72DoYviDeg6YKDrHTMJbbC+A0sml3kSjzFtXP7BtbyJnXojLfTQldGdUR0RGD8dA3w==",
      "dependencies": [
        "@smithy/types",
        "@smithy/util-buffer-from@4.2.2",
        "@smithy/util-utf8@4.2.2",
        "tslib"
      ]
    },
    "@smithy/invalid-dependency@4.2.12": {
      "integrity": "sha512-/4F1zb7Z8LOu1PalTdESFHR0RbPwHd3FcaG1sI3UEIriQTWakysgJr65lc1jj6QY5ye7aFsisajotH6UhWfm/g==",
      "dependencies": [
        "@smithy/types",
        "tslib"
      ]
    },
    "@smithy/is-array-buffer@2.2.0": {
      "integrity": "sha512-GGP3O9QFD24uGeAXYUjwSTXARoqpZykHadOmA8G5vfJPK0/DC67qa//0qvqrJzL1xc8WQWX7/yc7fwudjPHPhA==",
      "dependencies": [
        "tslib"
      ]
    },
    "@smithy/is-array-buffer@4.2.2": {
      "integrity": "sha512-n6rQ4N8Jj4YTQO3YFrlgZuwKodf4zUFs7EJIWH86pSCWBaAtAGBFfCM7Wx6D2bBJ2xqFNxGBSrUWswT3M0VJow==",
      "dependencies": [
        "tslib"
      ]
    },
    "@smithy/middleware-content-length@4.2.12": {
      "integrity": "sha512-YE58Yz+cvFInWI/wOTrB+DbvUVz/pLn5mC5MvOV4fdRUc6qGwygyngcucRQjAhiCEbmfLOXX0gntSIcgMvAjmA==",
      "dependencies": [
        "@smithy/protocol-http",
        "@smithy/types",
        "tslib"
      ]
    },
    "@smithy/middleware-endpoint@4.4.27": {
      "integrity": "sha512-T3TFfUgXQlpcg+UdzcAISdZpj4Z+XECZ/cefgA6wLBd6V4lRi0svN2hBouN/be9dXQ31X4sLWz3fAQDf+nt6BA==",
      "dependencies": [
        "@smithy/core",
        "@smithy/middleware-serde",
        "@smithy/node-config-provider",
        "@smithy/shared-ini-file-loader",
        "@smithy/types",
        "@smithy/url-parser",
        "@smithy/util-middleware",
        "tslib"
      ]
    },
    "@smithy/middleware-retry@4.4.44": {
      "integrity": "sha512-Y1Rav7m5CFRPQyM4CI0koD/bXjyjJu3EQxZZhtLGD88WIrBrQ7kqXM96ncd6rYnojwOo/u9MXu57JrEvu/nLrA==",
      "dependencies": [
        "@smithy/node-config-provider",
        "@smithy/protocol-http",
        "@smithy/service-error-classification",
        "@smithy/smithy-client",
        "@smithy/types",
        "@smithy/util-middleware",
        "@smithy/util-retry",
        "@smithy/uuid",
        "tslib"
      ]
    },
    "@smithy/middleware-serde@4.2.15": {
      "integrity": "sha512-ExYhcltZSli0pgAKOpQQe1DLFBLryeZ22605y/YS+mQpdNWekum9Ujb/jMKfJKgjtz1AZldtwA/wCYuKJgjjlg==",
      "dependencies": [
        "@smithy/core",
        "@smithy/protocol-http",
        "@smithy/types",
        "tslib"
      ]
    },
    "@smithy/middleware-stack@4.2.12": {
      "integrity": "sha512-kruC5gRHwsCOuyCd4ouQxYjgRAym2uDlCvQ5acuMtRrcdfg7mFBg6blaxcJ09STpt3ziEkis6bhg1uwrWU7txw==",
      "dependencies": [
        "@smithy/types",
        "tslib"
      ]
    },
    "@smithy/node-config-provider@4.3.12": {
      "integrity": "sha512-tr2oKX2xMcO+rBOjobSwVAkV05SIfUKz8iI53rzxEmgW3GOOPOv0UioSDk+J8OpRQnpnhsO3Af6IEBabQBVmiw==",
      "dependencies": [
        "@smithy/property-provider",
        "@smithy/shared-ini-file-loader",
        "@smithy/types",
        "tslib"
      ]
    },
    "@smithy/node-http-handler@4.5.0": {
      "integrity": "sha512-Rnq9vQWiR1+/I6NZZMNzJHV6pZYyEHt2ZnuV3MG8z2NNenC4i/8Kzttz7CjZiHSmsN5frhXhg17z3Zqjjhmz1A==",
      "dependencies": [
        "@smithy/abort-controller",
        "@smithy/protocol-http",
        "@smithy/querystring-builder",
        "@smithy/types",
        "tslib"
      ]
    },
    "@smithy/property-provider@4.2.12": {
      "integrity": "sha512-jqve46eYU1v7pZ5BM+fmkbq3DerkSluPr5EhvOcHxygxzD05ByDRppRwRPPpFrsFo5yDtCYLKu+kreHKVrvc7A==",
      "dependencies": [
        "@smithy/types",
        "tslib"
      ]
    },
    "@smithy/protocol-http@5.3.12": {
      "integrity": "sha512-fit0GZK9I1xoRlR4jXmbLhoN0OdEpa96ul8M65XdmXnxXkuMxM0Y8HDT0Fh0Xb4I85MBvBClOzgSrV1X2s1Hxw==",
      "dependencies": [
        "@smithy/types",
        "tslib"
      ]
    },
    "@smithy/querystring-builder@4.2.12": {
      "integrity": "sha512-6wTZjGABQufekycfDGMEB84BgtdOE/rCVTov+EDXQ8NHKTUNIp/j27IliwP7tjIU9LR+sSzyGBOXjeEtVgzCHg==",
      "dependencies": [
        "@smithy/types",
        "@smithy/util-uri-escape",
        "tslib"
      ]
    },
    "@smithy/querystring-parser@4.2.12": {
      "integrity": "sha512-P2OdvrgiAKpkPNKlKUtWbNZKB1XjPxM086NeVhK+W+wI46pIKdWBe5QyXvhUm3MEcyS/rkLvY8rZzyUdmyDZBw==",
      "dependencies": [
        "@smithy/types",
        "tslib"
      ]
    },
    "@smithy/service-error-classification@4.2.12": {
      "integrity": "sha512-LlP29oSQN0Tw0b6D0Xo6BIikBswuIiGYbRACy5ujw/JgWSzTdYj46U83ssf6Ux0GyNJVivs2uReU8pt7Eu9okQ==",
      "dependencies": [
        "@smithy/types"
      ]
    },
    "@smithy/shared-ini-file-loader@4.4.7": {
      "integrity": "sha512-HrOKWsUb+otTeo1HxVWeEb99t5ER1XrBi/xka2Wv6NVmTbuCUC1dvlrksdvxFtODLBjsC+PHK+fuy2x/7Ynyiw==",
      "dependencies": [
        "@smithy/types",
        "tslib"
      ]
    },
    "@smithy/signature-v4@5.3.12": {
      "integrity": "sha512-B/FBwO3MVOL00DaRSXfXfa/TRXRheagt/q5A2NM13u7q+sHS59EOVGQNfG7DkmVtdQm5m3vOosoKAXSqn/OEgw==",
      "dependencies": [
        "@smithy/is-array-buffer@4.2.2",
        "@smithy/protocol-http",
        "@smithy/types",
        "@smithy/util-hex-encoding",
        "@smithy/util-middleware",
        "@smithy/util-uri-escape",
        "@smithy/util-utf8@4.2.2",
        "tslib"
      ]
    },
    "@smithy/smithy-client@4.12.7": {
      "integrity": "sha512-q3gqnwml60G44FECaEEsdQMplYhDMZYCtYhMCzadCnRnnHIobZJjegmdoUo6ieLQlPUzvrMdIJUpx6DoPmzANQ==",
      "dependencies": [
        "@smithy/core",
        "@smithy/middleware-endpoint",
        "@smithy/middleware-stack",
        "@smithy/protocol-http",
        "@smithy/types",
        "@smithy/util-stream",
        "tslib"
      ]
    },
    "@smithy/types@4.13.1": {
      "integrity": "sha512-787F3yzE2UiJIQ+wYW1CVg2odHjmaWLGksnKQHUrK/lYZSEcy1msuLVvxaR/sI2/aDe9U+TBuLsXnr3vod1g0g==",
      "dependencies": [
        "tslib"
      ]
    },
    "@smithy/url-parser@4.2.12": {
      "integrity": "sha512-wOPKPEpso+doCZGIlr+e1lVI6+9VAKfL4kZWFgzVgGWY2hZxshNKod4l2LXS3PRC9otH/JRSjtEHqQ/7eLciRA==",
      "dependencies": [
        "@smithy/querystring-parser",
        "@smithy/types",
        "tslib"
      ]
    },
    "@smithy/util-base64@4.3.2": {
      "integrity": "sha512-XRH6b0H/5A3SgblmMa5ErXQ2XKhfbQB+Fm/oyLZ2O2kCUrwgg55bU0RekmzAhuwOjA9qdN5VU2BprOvGGUkOOQ==",
      "dependencies": [
        "@smithy/util-buffer-from@4.2.2",
        "@smithy/util-utf8@4.2.2",
        "tslib"
      ]
    },
    "@smithy/util-body-length-browser@4.2.2": {
      "integrity": "sha512-JKCrLNOup3OOgmzeaKQwi4ZCTWlYR5H4Gm1r2uTMVBXoemo1UEghk5vtMi1xSu2ymgKVGW631e2fp9/R610ZjQ==",
      "dependencies": [
        "tslib"
      ]
    },
    "@smithy/util-body-length-node@4.2.3": {
      "integrity": "sha512-ZkJGvqBzMHVHE7r/hcuCxlTY8pQr1kMtdsVPs7ex4mMU+EAbcXppfo5NmyxMYi2XU49eqaz56j2gsk4dHHPG/g==",
      "dependencies": [
        "tslib"
      ]
    },
    "@smithy/util-buffer-from@2.2.0": {
      "integrity": "sha512-IJdWBbTcMQ6DA0gdNhh/BwrLkDR+ADW5Kr1aZmd4k3DIF6ezMV4R2NIAmT08wQJ3yUK82thHWmC/TnK/wpMMIA==",
      "dependencies": [
        "@smithy/is-array-buffer@2.2.0",
        "tslib"
      ]
    },
    "@smithy/util-buffer-from@4.2.2": {
      "integrity": "sha512-FDXD7cvUoFWwN6vtQfEta540Y/YBe5JneK3SoZg9bThSoOAC/eGeYEua6RkBgKjGa/sz6Y+DuBZj3+YEY21y4Q==",
      "dependencies": [
        "@smithy/is-array-buffer@4.2.2",
        "tslib"
      ]
    },
    "@smithy/util-config-provider@4.2.2": {
      "integrity": "sha512-dWU03V3XUprJwaUIFVv4iOnS1FC9HnMHDfUrlNDSh4315v0cWyaIErP8KiqGVbf5z+JupoVpNM7ZB3jFiTejvQ==",
      "dependencies": [
        "tslib"
      ]
    },
    "@smithy/util-defaults-mode-browser@4.3.43": {
      "integrity": "sha512-Qd/0wCKMaXxev/z00TvNzGCH2jlKKKxXP1aDxB6oKwSQthe3Og2dMhSayGCnsma1bK/kQX1+X7SMP99t6FgiiQ==",
      "dependencies": [
        "@smithy/property-provider",
        "@smithy/smithy-client",
        "@smithy/types",
        "tslib"
      ]
    },
    "@smithy/util-defaults-mode-node@4.2.47": {
      "integrity": "sha512-qSRbYp1EQ7th+sPFuVcVO05AE0QH635hycdEXlpzIahqHHf2Fyd/Zl+8v0XYMJ3cgDVPa0lkMefU7oNUjAP+DQ==",
      "dependencies": [
        "@smithy/config-resolver",
        "@smithy/credential-provider-imds",
        "@smithy/node-config-provider",
        "@smithy/property-provider",
        "@smithy/smithy-client",
        "@smithy/types",
        "tslib"
      ]
    },
    "@smithy/util-endpoints@3.3.3": {
      "integrity": "sha512-VACQVe50j0HZPjpwWcjyT51KUQ4AnsvEaQ2lKHOSL4mNLD0G9BjEniQ+yCt1qqfKfiAHRAts26ud7hBjamrwig==",
      "dependencies": [
        "@smithy/node-config-provider",
        "@smithy/types",
        "tslib"
      ]
    },
    "@smithy/util-hex-encoding@4.2.2": {
      "integrity": "sha512-Qcz3W5vuHK4sLQdyT93k/rfrUwdJ8/HZ+nMUOyGdpeGA1Wxt65zYwi3oEl9kOM+RswvYq90fzkNDahPS8K0OIg==",
      "dependencies": [
        "tslib"
      ]
    },
    "@smithy/util-middleware@4.2.12": {
      "integrity": "sha512-Er805uFUOvgc0l8nv0e0su0VFISoxhJ/AwOn3gL2NWNY2LUEldP5WtVcRYSQBcjg0y9NfG8JYrCJaYDpupBHJQ==",
      "dependencies": [
        "@smithy/types",
        "tslib"
      ]
    },
    "@smithy/util-retry@4.2.12": {
      "integrity": "sha512-1zopLDUEOwumjcHdJ1mwBHddubYF8GMQvstVCLC54Y46rqoHwlIU+8ZzUeaBcD+WCJHyDGSeZ2ml9YSe9aqcoQ==",
      "dependencies": [
        "@smithy/service-error-classification",
        "@smithy/types",
        "tslib"
      ]
    },
    "@smithy/util-stream@4.5.20": {
      "integrity": "sha512-4yXLm5n/B5SRBR2p8cZ90Sbv4zL4NKsgxdzCzp/83cXw2KxLEumt5p+GAVyRNZgQOSrzXn9ARpO0lUe8XSlSDw==",
      "dependencies": [
        "@smithy/fetch-http-handler",
        "@smithy/node-http-handler",
        "@smithy/types",
        "@smithy/util-base64",
        "@smithy/util-buffer-from@4.2.2",
        "@smithy/util-hex-encoding",
        "@smithy/util-utf8@4.2.2",
        "tslib"
      ]
    },
    "@smithy/util-uri-escape@4.2.2": {
      "integrity": "sha512-2kAStBlvq+lTXHyAZYfJRb/DfS3rsinLiwb+69SstC9Vb0s9vNWkRwpnj918Pfi85mzi42sOqdV72OLxWAISnw==",
      "dependencies": [
        "tslib"
      ]
    },
    "@smithy/util-utf8@2.3.0": {
      "integrity": "sha512-R8Rdn8Hy72KKcebgLiv8jQcQkXoLMOGGv5uI1/k0l+snqkOzQ1R0ChUBCxWMlBsFMekWjq0wRudIweFs7sKT5A==",
      "dependencies": [
        "@smithy/util-buffer-from@2.2.0",
        "tslib"
      ]
    },
    "@smithy/util-utf8@4.2.2": {
      "integrity": "sha512-75MeYpjdWRe8M5E3AW0O4Cx3UadweS+cwdXjwYGBW5h/gxxnbeZ877sLPX/ZJA9GVTlL/qG0dXP29JWFCD1Ayw==",
      "dependencies": [
        "@smithy/util-buffer-from@4.2.2",
        "tslib"
      ]
    },
    "@smithy/util-waiter@4.2.13": {
      "integrity": "sha512-2zdZ9DTHngRtcYxJK1GUDxruNr53kv5W2Lupe0LMU+Imr6ohQg8M2T14MNkj1Y0wS3FFwpgpGQyvuaMF7CiTmQ==",
      "dependencies": [
        "@smithy/abort-controller",
        "@smithy/types",
        "tslib"
      ]
    },
    "@smithy/uuid@1.1.2": {
      "integrity": "sha512-O/IEdcCUKkubz60tFbGA7ceITTAJsty+lBjNoorP4Z6XRqaFb/OjQjZODophEcuq68nKm6/0r+6/lLQ+XVpk8g==",
      "dependencies": [
        "tslib"
      ]
    },
    "bowser@2.14.1": {
      "integrity": "sha512-tzPjzCxygAKWFOJP011oxFHs57HzIhOEracIgAePE4pqB3LikALKnSzUyU4MGs9/iCEUuHlAJTjTc5M+u7YEGg=="
    },
    "fast-xml-builder@1.1.4": {
      "integrity": "sha512-f2jhpN4Eccy0/Uz9csxh3Nu6q4ErKxf0XIsasomfOihuSUa3/xw6w8dnOtCDgEItQFJG8KyXPzQXzcODDrrbOg==",
      "dependencies": [
        "path-expression-matcher"
      ]
    },
    "fast-xml-parser@5.5.8": {
      "integrity": "sha512-Z7Fh2nVQSb2d+poDViM063ix2ZGt9jmY1nWhPfHBOK2Hgnb/OW3P4Et3P/81SEej0J7QbWtJqxO05h8QYfK7LQ==",
      "dependencies": [
        "fast-xml-builder",
        "path-expression-matcher",
        "strnum"
      ],
      "bin": true
    },
    "path-expression-matcher@1.2.0": {
      "integrity": "sha512-DwmPWeFn+tq7TiyJ2CxezCAirXjFxvaiD03npak3cRjlP9+OjTmSy1EpIrEbh+l6JgUundniloMLDQ/6VTdhLQ=="
    },
    "strnum@2.2.2": {
      "integrity": "sha512-DnR90I+jtXNSTXWdwrEy9FakW7UX+qUZg28gj5fk2vxxl7uS/3bpI4fjFYVmdK9etptYBPNkpahuQnEwhwECqA=="
    },
    "tslib@2.8.1": {
      "integrity": "sha512-oJFu94HQb+KVduSUQL7wnpmqnfmLsOA/nAh6b6EH0wCEoK0/mPeXU6c3wKDV83MkOuHPRHtSXKKU99IBazS/2w=="
    }
  },
  "remote": {
    "https://deno.land/std@0.214.0/assert/assert.ts": "bec068b2fccdd434c138a555b19a2c2393b71dfaada02b7d568a01541e67cdc5",
    "https://deno.land/std@0.214.0/assert/assertion_error.ts": "9f689a101ee586c4ce92f52fa7ddd362e86434ffdf1f848e45987dc7689976b8",
    "https://deno.land/std@0.214.0/async/delay.ts": "8e1d18fe8b28ff95885e2bc54eccec1713f57f756053576d8228e6ca110793ad",
    "https://deno.land/std@0.214.0/bytes/copy.ts": "f29c03168853720dfe82eaa57793d0b9e3543ebfe5306684182f0f1e3bfd422a",
    "https://deno.land/std@0.214.0/crypto/_fnv/fnv32.ts": "ba2c5ef976b9f047d7ce2d33dfe18671afc75154bcf20ef89d932b2fe8820535",
    "https://deno.land/std@0.214.0/crypto/_fnv/fnv64.ts": "580cadfe2ff333fe253d15df450f927c8ac7e408b704547be26aab41b5772558",
    "https://deno.land/std@0.214.0/crypto/_fnv/mod.ts": "8dbb60f062a6e77b82f7a62ac11fabfba52c3cd408c21916b130d8f57a880f96",
    "https://deno.land/std@0.214.0/crypto/_fnv/util.ts": "27b36ce3440d0a180af6bf1cfc2c326f68823288540a354dc1d636b781b9b75f",
    "https://deno.land/std@0.214.0/crypto/_wasm/lib/deno_std_wasm_crypto.generated.mjs": "76c727912539737def4549bb62a96897f37eb334b979f49c57b8af7a1617635e",
    "https://deno.land/std@0.214.0/crypto/_wasm/mod.ts": "c55f91473846827f077dfd7e5fc6e2726dee5003b6a5747610707cdc638a22ba",
    "https://deno.land/std@0.214.0/crypto/crypto.ts": "4448f8461c797adba8d70a2c60f7795a546d7a0926e96366391bffdd06491c16",
    "https://deno.land/std@0.214.0/datetime/_common.ts": "a62214c1924766e008e27d3d843ceba4b545dc2aa9880de0ecdef9966d5736b6",
    "https://deno.land/std@0.214.0/datetime/parse.ts": "bb248bbcb3cd54bcaf504a1ee670fc4695e429d9019c06af954bbe2bcb8f1d02",
    "https://deno.land/std@0.214.0/encoding/_util.ts": "beacef316c1255da9bc8e95afb1fa56ed69baef919c88dc06ae6cb7a6103d376",
    "https://deno.land/std@0.214.0/encoding/base64.ts": "96e61a556d933201266fea84ae500453293f2aff130057b579baafda096a96bc",
    "https://deno.land/std@0.214.0/encoding/hex.ts": "4d47d3b25103cf81a2ed38f54b394d39a77b63338e1eaa04b70c614cb45ec2e6",
    "https://deno.land/std@0.214.0/fmt/colors.ts": "aeaee795471b56fc62a3cb2e174ed33e91551b535f44677f6320336aabb54fbb",
    "https://deno.land/std@0.214.0/io/buf_reader.ts": "c73aad99491ee6db3d6b001fa4a780e9245c67b9296f5bad9c0fa7384e35d47a",
    "https://deno.land/std@0.214.0/io/buf_writer.ts": "f82f640c8b3a820f600a8da429ad0537037c7d6a78426bbca2396fb1f75d3ef4",
    "https://deno.land/std@0.214.0/path/_common/assert_path.ts": "2ca275f36ac1788b2acb60fb2b79cb06027198bc2ba6fb7e163efaedde98c297",
    "https://deno.land/std@0.214.0/path/_common/basename.ts": "569744855bc8445f3a56087fd2aed56bdad39da971a8d92b138c9913aecc5fa2",
    "https://deno.land/std@0.214.0/path/_common/common.ts": "6157c7ec1f4db2b4a9a187efd6ce76dcaf1e61cfd49f87e40d4ea102818df031",
    "https://deno.land/std@0.214.0/path/_common/constants.ts": "dc5f8057159f4b48cd304eb3027e42f1148cf4df1fb4240774d3492b5d12ac0c",
    "https://deno.land/std@0.214.0/path/_common/dirname.ts": "684df4aa71a04bbcc346c692c8485594fc8a90b9408dfbc26ff32cf3e0c98cc8",
    "https://deno.land/std@0.214.0/path/_common/format.ts": "92500e91ea5de21c97f5fe91e178bae62af524b72d5fcd246d6d60ae4bcada8b",
    "https://deno.land/std@0.214.0/path/_common/from_file_url.ts": "d672bdeebc11bf80e99bf266f886c70963107bdd31134c4e249eef51133ceccf",
    "https://deno.land/std@0.214.0/path/_common/glob_to_reg_exp.ts": "2007aa87bed6eb2c8ae8381adcc3125027543d9ec347713c1ad2c68427330770",
    "https://deno.land/std@0.214.0/path/_common/normalize.ts": "684df4aa71a04bbcc346c692c8485594fc8a90b9408dfbc26ff32cf3e0c98cc8",
    "https://deno.land/std@0.214.0/path/_common/normalize_string.ts": "dfdf657a1b1a7db7999f7c575ee7e6b0551d9c20f19486c6c3f5ff428384c965",
    "https://deno.land/std@0.214.0/path/_common/relative.ts": "faa2753d9b32320ed4ada0733261e3357c186e5705678d9dd08b97527deae607",
    "https://deno.land/std@0.214.0/path/_common/strip_trailing_separators.ts": "7024a93447efcdcfeaa9339a98fa63ef9d53de363f1fbe9858970f1bba02655a",
    "https://deno.land/std@0.214.0/path/_common/to_file_url.ts": "7f76adbc83ece1bba173e6e98a27c647712cab773d3f8cbe0398b74afc817883",
    "https://deno.land/std@0.214.0/path/_interface.ts": "a1419fcf45c0ceb8acdccc94394e3e94f99e18cfd32d509aab514c8841799600",
    "https://deno.land/std@0.214.0/path/_os.ts": "8fb9b90fb6b753bd8c77cfd8a33c2ff6c5f5bc185f50de8ca4ac6a05710b2c15",
    "https://deno.land/std@0.214.0/path/basename.ts": "5d341aadb7ada266e2280561692c165771d071c98746fcb66da928870cd47668",
    "https://deno.land/std@0.214.0/path/common.ts": "03e52e22882402c986fe97ca3b5bb4263c2aa811c515ce84584b23bac4cc2643",
    "https://deno.land/std@0.214.0/path/constants.ts": "0c206169ca104938ede9da48ac952de288f23343304a1c3cb6ec7625e7325f36",
    "https://deno.land/std@0.214.0/path/dirname.ts": "85bd955bf31d62c9aafdd7ff561c4b5fb587d11a9a5a45e2b01aedffa4238a7c",
    "https://deno.land/std@0.214.0/path/extname.ts": "593303db8ae8c865cbd9ceec6e55d4b9ac5410c1e276bfd3131916591b954441",
    "https://deno.land/std@0.214.0/path/format.ts": "98fad25f1af7b96a48efb5b67378fcc8ed77be895df8b9c733b86411632162af",
    "https://deno.land/std@0.214.0/path/from_file_url.ts": "911833ae4fd10a1c84f6271f36151ab785955849117dc48c6e43b929504ee069",
    "https://deno.land/std@0.214.0/path/glob_to_regexp.ts": "83c5fd36a8c86f5e72df9d0f45317f9546afa2ce39acaafe079d43a865aced08",
    "https://deno.land/std@0.214.0/path/is_absolute.ts": "4791afc8bfd0c87f0526eaa616b0d16e7b3ab6a65b62942e50eac68de4ef67d7",
    "https://deno.land/std@0.214.0/path/is_glob.ts": "a65f6195d3058c3050ab905705891b412ff942a292bcbaa1a807a74439a14141",
    "https://deno.land/std@0.214.0/path/join.ts": "ae2ec5ca44c7e84a235fd532e4a0116bfb1f2368b394db1c4fb75e3c0f26a33a",
    "https://deno.land/std@0.214.0/path/join_globs.ts": "e9589869a33dc3982101898ee50903db918ca00ad2614dbe3934d597d7b1fbea",
    "https://deno.land/std@0.214.0/path/mod.ts": "ffeaccb713dbe6c72e015b7c767f753f8ec5fbc3b621ff5eeee486ffc2c0ddda",
    "https://deno.land/std@0.214.0/path/normalize.ts": "4155743ccceeed319b350c1e62e931600272fad8ad00c417b91df093867a8352",
    "https://deno.land/std@0.214.0/path/normalize_glob.ts": "98ee8268fad271193603271c203ae973280b5abfbdd2cbca1053fd2af71869ca",
    "https://deno.land/std@0.214.0/path/parse.ts": "65e8e285f1a63b714e19ef24b68f56e76934c3df0b6e65fd440d3991f4f8aefb",
    "https://deno.land/std@0.214.0/path/posix/_util.ts": "1e3937da30f080bfc99fe45d7ed23c47dd8585c5e473b2d771380d3a6937cf9d",
    "https://deno.land/std@0.214.0/path/posix/basename.ts": "39ee27a29f1f35935d3603ccf01d53f3d6e0c5d4d0f84421e65bd1afeff42843",
    "https://deno.land/std@0.214.0/path/posix/common.ts": "26f60ccc8b2cac3e1613000c23ac5a7d392715d479e5be413473a37903a2b5d4",
    "https://deno.land/std@0.214.0/path/posix/constants.ts": "93481efb98cdffa4c719c22a0182b994e5a6aed3047e1962f6c2c75b7592bef1",
    "https://deno.land/std@0.214.0/path/posix/dirname.ts": "6535d2bdd566118963537b9dda8867ba9e2a361015540dc91f5afbb65c0cce8b",
    "https://deno.land/std@0.214.0/path/posix/extname.ts": "8d36ae0082063c5e1191639699e6f77d3acf501600a3d87b74943f0ae5327427",
    "https://deno.land/std@0.214.0/path/posix/format.ts": "185e9ee2091a42dd39e2a3b8e4925370ee8407572cee1ae52838aed96310c5c1",
    "https://deno.land/std@0.214.0/path/posix/from_file_url.ts": "951aee3a2c46fd0ed488899d024c6352b59154c70552e90885ed0c2ab699bc40",
    "https://deno.land/std@0.214.0/path/posix/glob_to_regexp.ts": "54d3ff40f309e3732ab6e5b19d7111d2d415248bcd35b67a99defcbc1972e697",
    "https://deno.land/std@0.214.0/path/posix/is_absolute.ts": "cebe561ad0ae294f0ce0365a1879dcfca8abd872821519b4fcc8d8967f888ede",
    "https://deno.land/std@0.214.0/path/posix/is_glob.ts": "8a8b08c08bf731acf2c1232218f1f45a11131bc01de81e5f803450a5914434b9",
    "https://deno.land/std@0.214.0/path/posix/join.ts": "aef88d5fa3650f7516730865dbb951594d1a955b785e2450dbee93b8e32694f3",
    "https://deno.land/std@0.214.0/path/posix/join_globs.ts": "ee2f4676c5b8a0dfa519da58b8ade4d1c4aa8dd3fe35619edec883ae9df1f8c9",
    "https://deno.land/std@0.214.0/path/posix/mod.ts": "563a18c2b3ddc62f3e4a324ff0f583e819b8602a72ad880cb98c9e2e34f8db5b",
    "https://deno.land/std@0.214.0/path/posix/normalize.ts": "baeb49816a8299f90a0237d214cef46f00ba3e95c0d2ceb74205a6a584b58a91",
    "https://deno.land/std@0.214.0/path/posix/normalize_glob.ts": "65f0138fa518ef9ece354f32889783fc38cdf985fb02dcf1c3b14fa47d665640",
    "https://deno.land/std@0.214.0/path/posix/parse.ts": "d5bac4eb21262ab168eead7e2196cb862940c84cee572eafedd12a0d34adc8fb",
    "https://deno.land/std@0.214.0/path/posix/relative.ts": "3907d6eda41f0ff723d336125a1ad4349112cd4d48f693859980314d5b9da31c",
    "https://deno.land/std@0.214.0/path/posix/resolve.ts": "bac20d9921beebbbb2b73706683b518b1d0c1b1da514140cee409e90d6b2913a",
    "https://deno.land/std@0.214.0/path/posix/separator.ts": "c9ecae5c843170118156ac5d12dc53e9caf6a1a4c96fc8b1a0ab02dff5c847b0",
    "https://deno.land/std@0.214.0/path/posix/to_file_url.ts": "7aa752ba66a35049e0e4a4be5a0a31ac6b645257d2e031142abb1854de250aaf",
    "https://deno.land/std@0.214.0/path/posix/to_namespaced_path.ts": "28b216b3c76f892a4dca9734ff1cc0045d135532bfd9c435ae4858bfa5a2ebf0",
    "https://deno.land/std@0.214.0/path/relative.ts": "ab739d727180ed8727e34ed71d976912461d98e2b76de3d3de834c1066667add",
    "https://deno.land/std@0.214.0/path/resolve.ts": "a6f977bdb4272e79d8d0ed4333e3d71367cc3926acf15ac271f1d059c8494d8d",
    "https://deno.land/std@0.214.0/path/separator.ts": "c6c890507f944a1f5cb7d53b8d638d6ce3cf0f34609c8d84a10c1eaa400b77a9",
    "https://deno.land/std@0.214.0/path/to_file_url.ts": "88f049b769bce411e2d2db5bd9e6fd9a185a5fbd6b9f5ad8f52bef517c4ece1b",
    "https://deno.land/std@0.214.0/path/to_namespaced_path.ts": "b706a4103b104cfadc09600a5f838c2ba94dbcdb642344557122dda444526e40",
    "https://deno.land/std@0.214.0/path/windows/_util.ts": "d5f47363e5293fced22c984550d5e70e98e266cc3f31769e1710511803d04808",
    "https://deno.land/std@0.214.0/path/windows/basename.ts": "e2dbf31d1d6385bfab1ce38c333aa290b6d7ae9e0ecb8234a654e583cf22f8fe",
    "https://deno.land/std@0.214.0/path/windows/common.ts": "26f60ccc8b2cac3e1613000c23ac5a7d392715d479e5be413473a37903a2b5d4",
    "https://deno.land/std@0.214.0/path/windows/constants.ts": "5afaac0a1f67b68b0a380a4ef391bf59feb55856aa8c60dfc01bd3b6abb813f5",
    "https://deno.land/std@0.214.0/path/windows/dirname.ts": "33e421be5a5558a1346a48e74c330b8e560be7424ed7684ea03c12c21b627bc9",
    "https://deno.land/std@0.214.0/path/windows/extname.ts": "165a61b00d781257fda1e9606a48c78b06815385e7d703232548dbfc95346bef",
    "https://deno.land/std@0.214.0/path/windows/format.ts": "bbb5ecf379305b472b1082cd2fdc010e44a0020030414974d6029be9ad52aeb6",
    "https://deno.land/std@0.214.0/path/windows/from_file_url.ts": "ced2d587b6dff18f963f269d745c4a599cf82b0c4007356bd957cb4cb52efc01",
    "https://deno.land/std@0.214.0/path/windows/glob_to_regexp.ts": "6dcd1242bd8907aa9660cbdd7c93446e6927b201112b0cba37ca5d80f81be51b",
    "https://deno.land/std@0.214.0/path/windows/is_absolute.ts": "4a8f6853f8598cf91a835f41abed42112cebab09478b072e4beb00ec81f8ca8a",
    "https://deno.land/std@0.214.0/path/windows/is_glob.ts": "8a8b08c08bf731acf2c1232218f1f45a11131bc01de81e5f803450a5914434b9",
    "https://deno.land/std@0.214.0/path/windows/join.ts": "e0b3356615c1a75c56ebb6a7311157911659e11fd533d80d724800126b761ac3",
    "https://deno.land/std@0.214.0/path/windows/join_globs.ts": "ee2f4676c5b8a0dfa519da58b8ade4d1c4aa8dd3fe35619edec883ae9df1f8c9",
    "https://deno.land/std@0.214.0/path/windows/mod.ts": "7d6062927bda47c47847ffb55d8f1a37b0383840aee5c7dfc93984005819689c",
    "https://deno.land/std@0.214.0/path/windows/normalize.ts": "78126170ab917f0ca355a9af9e65ad6bfa5be14d574c5fb09bb1920f52577780",
    "https://deno.land/std@0.214.0/path/windows/normalize_glob.ts": "179c86ba89f4d3fe283d2addbe0607341f79ee9b1ae663abcfb3439db2e97810",
    "https://deno.land/std@0.214.0/path/windows/parse.ts": "b9239edd892a06a06625c1b58425e199f018ce5649ace024d144495c984da734",
    "https://deno.land/std@0.214.0/path/windows/relative.ts": "3e1abc7977ee6cc0db2730d1f9cb38be87b0ce4806759d271a70e4997fc638d7",
    "https://deno.land/std@0.214.0/path/windows/resolve.ts": "75b2e3e1238d840782cee3d8864d82bfaa593c7af8b22f19c6422cf82f330ab3",
    "https://deno.land/std@0.214.0/path/windows/separator.ts": "e51c5522140eff4f8402617c5c68a201fdfa3a1a8b28dc23587cff931b665e43",
    "https://deno.land/std@0.214.0/path/windows/to_file_url.ts": "1cd63fd35ec8d1370feaa4752eccc4cc05ea5362a878be8dc7db733650995484",
    "https://deno.land/std@0.214.0/path/windows/to_namespaced_path.ts": "4ffa4fb6fae321448d5fe810b3ca741d84df4d7897e61ee29be961a6aac89a4c",
    "https://deno.land/x/postgres@v0.19.3/client.ts": "d141c65c20484c545a1119c9af7a52dcc24f75c1a5633de2b9617b0f4b2ed5c1",
    "https://deno.land/x/postgres@v0.19.3/client/error.ts": "05b0e35d65caf0ba21f7f6fab28c0811da83cd8b4897995a2f411c2c83391036",
    "https://deno.land/x/postgres@v0.19.3/connection/auth.ts": "db15c1659742ef4d2791b32834950278dc7a40cb931f8e434e6569298e58df51",
    "https://deno.land/x/postgres@v0.19.3/connection/connection.ts": "198a0ecf92a0d2aa72db3bb88b8f412d3b1f6b87d464d5f7bff9aa3b6aff8370",
    "https://deno.land/x/postgres@v0.19.3/connection/connection_params.ts": "463d7a9ed559f537a55d6928cab62e1c31b808d08cd0411b6ae461d0c0183c93",
    "https://deno.land/x/postgres@v0.19.3/connection/message.ts": "20da5d80fc4d7ddb7b850083e0b3fa8734eb26642221dad89c62e27d78e57a4d",
    "https://deno.land/x/postgres@v0.19.3/connection/message_code.ts": "12bcb110df6945152f9f6c63128786558d7ad1e61006920daaa16ef85b3bab7d",
    "https://deno.land/x/postgres@v0.19.3/connection/packet.ts": "050aeff1fc13c9349e89451a155ffcd0b1343dc313a51f84439e3e45f64b56c8",
    "https://deno.land/x/postgres@v0.19.3/connection/scram.ts": "532d4d58b565a2ab48fb5e1e14dc9bfb3bb283d535011e371e698eb4a89dd994",
    "https://deno.land/x/postgres@v0.19.3/debug.ts": "8add17699191f11e6830b8c95d9de25857d221bb2cf6c4ae22254d395895c1f9",
    "https://deno.land/x/postgres@v0.19.3/deps.ts": "c312038fe64b8368f8a294119f11d8f235fe67de84d7c3b0ef67b3a56628171a",
    "https://deno.land/x/postgres@v0.19.3/mod.ts": "4930c7b44f8d16ea71026f7e3ef22a2322d84655edceacd55f7461a9218d8560",
    "https://deno.land/x/postgres@v0.19.3/pool.ts": "2289f029e7a3bd3d460d4faa71399a920b7406c92a97c0715d6e31dbf1380ec3",
    "https://deno.land/x/postgres@v0.19.3/query/array_parser.ts": "ff72d3e026e3022a1a223a6530be5663f8ebbd911ed978291314e7fe6c2f2464",
    "https://deno.land/x/postgres@v0.19.3/query/decode.ts": "3e89ad2a662eab66a4f4e195ff0924d71d199af3c2f5637d1ae650301a03fa9b",
    "https://deno.land/x/postgres@v0.19.3/query/decoders.ts": "6a73da1024086ab91e233648c850dccbde59248b90d87054bbbd7f0bf4a50681",
    "https://deno.land/x/postgres@v0.19.3/query/encode.ts": "5b1c305bc7352a6f9fe37f235dddfc23e26419c77a133b4eaea42cf136481aa6",
    "https://deno.land/x/postgres@v0.19.3/query/oid.ts": "21fc714ac212350ba7df496f88ea9e01a4ee0458911d0f2b6a81498e12e7af4c",
    "https://deno.land/x/postgres@v0.19.3/query/query.ts": "510f9a27da87ed7b31b5cbcd14bf3028b441ac2ddc368483679d0b86a9d9f213",
    "https://deno.land/x/postgres@v0.19.3/query/transaction.ts": "8f4eef68f8e9b4be216199404315e6e08fe1fe98afb2e640bffd077662f79678",
    "https://deno.land/x/postgres@v0.19.3/utils/deferred.ts": "5420531adb6c3ea29ca8aac57b9b59bd3e4b9a938a4996bbd0947a858f611080",
    "https://deno.land/x/postgres@v0.19.3/utils/utils.ts": "ca47193ea03ff5b585e487a06f106d367e509263a960b787197ce0c03113a738"
  },
  "workspace": {
    "members": {
      "packages/driver": {
        "dependencies": [
          "jsr:@db/postgres@~0.19.5",
          "jsr:@hono/hono@^4.12.9",
          "jsr:@std/dotenv@~0.225.6",
          "jsr:@std/expect@^1.0.18",
          "jsr:@std/io@~0.225.3",
          "jsr:@std/path@^1.1.4",
          "npm:@aws-sdk/client-lambda@^3.1019.0"
        ]
      }
    }
  }
}
